
Microsoft Visual Studio Solution File, Format Version 12.00
# Visual Studio Version 17
VisualStudioVersion = 17.14.36429.23
MinimumVisualStudioVersion = 10.0.40219.1
Project("{2150E333-8FDC-42A3-9474-1A3956D46DE8}") = "Task0", "Task0", "{02EA681E-C7D8-13C7-8484-4AC65E1B71E8}"
EndProject
Project("{FAE04EC0-301F-11D3-BF4B-00C04F79EFBC}") = "Tyuiu.KozyrevRA.Sprint2.Task0.V28", "Tyuiu.KozyrevRA.Sprint2.Task0.V28\Tyuiu.KozyrevRA.Sprint2.Task0.V28.csproj", "{0DABFA40-25CC-413B-BD05-83BC3E910285}"
EndProject
Project("{FAE04EC0-301F-11D3-BF4B-00C04F79EFBC}") = "Tyuiu.KozyrevRA.Sprint2.Task0.V28.Test", "Tyuiu.KozyrevRA.Sprint2.Task0.V28.Test\Tyuiu.KozyrevRA.Sprint2.Task0.V28.Test.csproj", "{E04F7725-E11C-4473-B12A-3F901102C58E}"
EndProject
Project("{FAE04EC0-301F-11D3-BF4B-00C04F79EFBC}") = "Tyuiu.KozyrevRA.Sprint2.Task0.V28.Lib", "Tyuiu.KozyrevRA.Sprint2.Task0.V28.Lib\Tyuiu.KozyrevRA.Sprint2.Task0.V28.Lib.csproj", "{3B1777F4-3F2B-47AF-BF45-5B40074567DA}"
EndProject
Project("{2150E333-8FDC-42A3-9474-1A3956D46DE8}") = "Task1", "Task1", "{61A815CE-68B3-41F9-9160-DDC499BE30E5}"
EndProject
Project("{FAE04EC0-301F-11D3-BF4B-00C04F79EFBC}") = "Tyuiu.KozyrevRA.Sprint2.Task1.V11", "Tyuiu.KozyrevRA.Sprint2.Task1.V11\Tyuiu.KozyrevRA.Sprint2.Task1.V11.csproj", "{4F7F4B00-8520-4004-8931-34D8CEB78871}"
EndProject
Project("{FAE04EC0-301F-11D3-BF4B-00C04F79EFBC}") = "Tyuiu.KozyrevRA.Sprint2.Task1.V11.Lib", "Tyuiu.KozyrevRA.Sprint2.Task1.V11.Lib\Tyuiu.KozyrevRA.Sprint2.Task1.V11.Lib.csproj", "{D45CFD90-4004-4E11-A4D4-967B19E00C97}"
EndProject
Project("{FAE04EC0-301F-11D3-BF4B-00C04F79EFBC}") = "Tyuiu.KozyrevRA.Sprint2.Task1.V11.Test", "Tyuiu.KozyrevRA.Sprint2.Task1.V11.Test\Tyuiu.KozyrevRA.Sprint2.Task1.V11.Test.csproj", "{73A221F8-B825-461A-9B16-8A0D3420D4BD}"
EndProject
Project("{2150E333-8FDC-42A3-9474-1A3956D46DE8}") = "Task2", "Task2", "{EF7193F0-2296-4CD4-ADF5-7F9FB68E3193}"
EndProject
Project("{FAE04EC0-301F-11D3-BF4B-00C04F79EFBC}") = "Tyuiu.KozyrevRA.Sprint2.Task2.V19", "Tyuiu.KozyrevRA.Sprint2.Task2.V19\Tyuiu.KozyrevRA.Sprint2.Task2.V19.csproj", "{4C5A4CFF-B6BC-41BC-8EBD-455ECAC6536F}"
EndProject
Project("{FAE04EC0-301F-11D3-BF4B-00C04F79EFBC}") = "Tyuiu.KozyrevRA.Sprint2.Task2.V19.Test", "Tyuiu.KozyrevRA.Sprint2.Task2.V19.Test\Tyuiu.KozyrevRA.Sprint2.Task2.V19.Test.csproj", "{13930486-017B-4262-B139-5D8D14BE6172}"
EndProject
Project("{FAE04EC0-301F-11D3-BF4B-00C04F79EFBC}") = "Tyuiu.KozyrevRA.Sprint2.Task2.V19.Lib", "Tyuiu.KozyrevRA.Sprint2.Task2.V19.Lib\Tyuiu.KozyrevRA.Sprint2.Task2.V19.Lib.csproj", "{5AADCABB-4655-46F9-BD68-59C543BD0775}"
EndProject
Project("{2150E333-8FDC-42A3-9474-1A3956D46DE8}") = "Task3", "Task3", "{87216B58-6590-4A9A-AF91-D5907179EC4C}"
EndProject
Project("{FAE04EC0-301F-11D3-BF4B-00C04F79EFBC}") = "Tyuiu.KozyrevRA.Sprint2.Task3.V6", "Tyuiu.KozyrevRA.Sprint2.Task3.V6\Tyuiu.KozyrevRA.Sprint2.Task3.V6.csproj", "{5804E0EB-0754-4D3D-B3C5-A00E3090CB2F}"
EndProject
Project("{FAE04EC0-301F-11D3-BF4B-00C04F79EFBC}") = "Tyuiu.KozyrevRA.Sprint2.Task3.V6.Test", "Tyuiu.KozyrevRA.Sprint2.Task3.V6.Test\Tyuiu.KozyrevRA.Sprint2.Task3.V6.Test.csproj", "{F10B1045-4648-4309-8E34-674C3614A2C3}"
EndProject
Project("{FAE04EC0-301F-11D3-BF4B-00C04F79EFBC}") = "Tyuiu.KozyrevRA.Sprint2.Task3.V6.Lib", "Tyuiu.KozyrevRA.Sprint2.Task3.V6.Lib\Tyuiu.KozyrevRA.Sprint2.Task3.V6.Lib.csproj", "{0B8DE295-8024-4DFA-B58B-6A74F7041573}"
EndProject
Project("{2150E333-8FDC-42A3-9474-1A3956D46DE8}") = "Task4", "Task4", "{BEE5B30D-0A27-4207-B93B-1EA8E91D11A9}"
EndProject
Project("{FAE04EC0-301F-11D3-BF4B-00C04F79EFBC}") = "Tyuiu.KozyrevRA.Sprint2.Task4.V28", "Tyuiu.KozyrevRA.Sprint2.Task4.V28\Tyuiu.KozyrevRA.Sprint2.Task4.V28.csproj", "{ABE211AD-B6B2-4091-BE23-5C31518E398A}"
EndProject
Project("{FAE04EC0-301F-11D3-BF4B-00C04F79EFBC}") = "Tyuiu.KozyrevRA.Sprint2.Task4.V28.Lib", "Tyuiu.KozyrevRA.Sprint2.Task4.V28.Lib\Tyuiu.KozyrevRA.Sprint2.Task4.V28.Lib.csproj", "{58F68912-2073-4BAA-B1C5-146F70AC347E}"
EndProject
Project("{FAE04EC0-301F-11D3-BF4B-00C04F79EFBC}") = "Tyuiu.KozyrevRA.Sprint2.Task4.V28.Test", "Tyuiu.KozyrevRA.Sprint2.Task4.V28.Test\Tyuiu.KozyrevRA.Sprint2.Task4.V28.Test.csproj", "{1C2243BC-DD04-455D-890C-BF46B0FCC518}"
EndProject
Project("{2150E333-8FDC-42A3-9474-1A3956D46DE8}") = "Task5", "Task5", "{EDEAE9C6-F7EA-424A-A1FE-5096934AF4CE}"
EndProject
Project("{FAE04EC0-301F-11D3-BF4B-00C04F79EFBC}") = "Tyuiu.KozyrevRA.Sprint2.Task5.V5", "Tyuiu.KozyrevRA.Sprint2.Task5.V5\Tyuiu.KozyrevRA.Sprint2.Task5.V5.csproj", "{7D060710-EB67-4BC8-97D6-1BAAE846E5AA}"
EndProject
Project("{FAE04EC0-301F-11D3-BF4B-00C04F79EFBC}") = "Tyuiu.KozyrevRA.Sprint2.Task5.V5.Lib", "Tyuiu.KozyrevRA.Sprint2.Task5.V5.Lib\Tyuiu.KozyrevRA.Sprint2.Task5.V5.Lib.csproj", "{0FD6E3DC-09ED-4939-92B6-4DCAC144AAF6}"
EndProject
Project("{FAE04EC0-301F-11D3-BF4B-00C04F79EFBC}") = "Tyuiu.KozyrevRA.Sprint2.Task5.V5.Test", "Tyuiu.KozyrevRA.Sprint2.Task5.V5.Test\Tyuiu.KozyrevRA.Sprint2.Task5.V5.Test.csproj", "{2CF9BA65-EA61-45CB-B298-4CC72935BE11}"
EndProject
Project("{2150E333-8FDC-42A3-9474-1A3956D46DE8}") = "Task6", "Task6", "{21A82ACF-2A85-4287-8616-49480397B002}"
EndProject
Project("{FAE04EC0-301F-11D3-BF4B-00C04F79EFBC}") = "Tyuiu.KozyrevRA.Sprint2.Task6.V13", "Tyuiu.KozyrevRA.Sprint2.Task6.V13\Tyuiu.KozyrevRA.Sprint2.Task6.V13.csproj", "{4641AE18-68CC-4F86-8382-30A790B0B9E9}"
EndProject
Project("{FAE04EC0-301F-11D3-BF4B-00C04F79EFBC}") = "Tyuiu.KozyrevRA.Sprint2.Task6.V13.Lib", "Tyuiu.KozyrevRA.Sprint2.Task6.V13.Lib\Tyuiu.KozyrevRA.Sprint2.Task6.V13.Lib.csproj", "{C64A9AA8-284C-439E-BB6E-CD56D8DCC77B}"
EndProject
Project("{FAE04EC0-301F-11D3-BF4B-00C04F79EFBC}") = "Tyuiu.KozyrevRA.Sprint2.Task6.V13.Test", "Tyuiu.KozyrevRA.Sprint2.Task6.V13.Test\Tyuiu.KozyrevRA.Sprint2.Task6.V13.Test.csproj", "{EF252067-C0B8-4771-8C7F-B9E4B1756C6B}"
EndProject
Project("{2150E333-8FDC-42A3-9474-1A3956D46DE8}") = "Task7", "Task7", "{1C229A91-A5BF-4A80-AD2E-729B353BB57A}"
EndProject
Project("{FAE04EC0-301F-11D3-BF4B-00C04F79EFBC}") = "Tyuiu.KozyrevRA.Sprint2.Task7.V1", "Tyuiu.KozyrevRA.Sprint2.Task7.V1\Tyuiu.KozyrevRA.Sprint2.Task7.V1.csproj", "{E4B3B883-7C3C-4F96-81FF-F1F65853E729}"
EndProject
Project("{FAE04EC0-301F-11D3-BF4B-00C04F79EFBC}") = "Tyuiu.KozyrevRA.Sprint2.Task7.V1.Lib", "Tyuiu.KozyrevRA.Sprint2.Task7.V1.Lib\Tyuiu.KozyrevRA.Sprint2.Task7.V1.Lib.csproj", "{7529571F-7ABD-41EE-8100-032D32BD10A2}"
EndProject
Project("{FAE04EC0-301F-11D3-BF4B-00C04F79EFBC}") = "Tyuiu.KozyrevRA.Sprint2.Task7.V1.Test", "Tyuiu.KozyrevRA.Sprint2.Task7.V1.Test\Tyuiu.KozyrevRA.Sprint2.Task7.V1.Test.csproj", "{165F56D3-C2C6-4B69-A5B5-3BC2326B2F4E}"
EndProject
Global
	GlobalSection(SolutionConfigurationPlatforms) = preSolution
		Debug|Any CPU = Debug|Any CPU
		Release|Any CPU = Release|Any CPU
	EndGlobalSection
	GlobalSection(ProjectConfigurationPlatforms) = postSolution
		{0DABFA40-25CC-413B-BD05-83BC3E910285}.Debug|Any CPU.ActiveCfg = Debug|Any CPU
		{0DABFA40-25CC-413B-BD05-83BC3E910285}.Debug|Any CPU.Build.0 = Debug|Any CPU
		{0DABFA40-25CC-413B-BD05-83BC3E910285}.Release|Any CPU.ActiveCfg = Release|Any CPU
		{0DABFA40-25CC-413B-BD05-83BC3E910285}.Release|Any CPU.Build.0 = Release|Any CPU
		{E04F7725-E11C-4473-B12A-3F901102C58E}.Debug|Any CPU.ActiveCfg = Debug|Any CPU
		{E04F7725-E11C-4473-B12A-3F901102C58E}.Debug|Any CPU.Build.0 = Debug|Any CPU
		{E04F7725-E11C-4473-B12A-3F901102C58E}.Release|Any CPU.ActiveCfg = Release|Any CPU
		{E04F7725-E11C-4473-B12A-3F901102C58E}.Release|Any CPU.Build.0 = Release|Any CPU
		{3B1777F4-3F2B-47AF-BF45-5B40074567DA}.Debug|Any CPU.ActiveCfg = Debug|Any CPU
		{3B1777F4-3F2B-47AF-BF45-5B40074567DA}.Debug|Any CPU.Build.0 = Debug|Any CPU
		{3B1777F4-3F2B-47AF-BF45-5B40074567DA}.Release|Any CPU.ActiveCfg = Release|Any CPU
		{3B1777F4-3F2B-47AF-BF45-5B40074567DA}.Release|Any CPU.Build.0 = Release|Any CPU
		{4F7F4B00-8520-4004-8931-34D8CEB78871}.Debug|Any CPU.ActiveCfg = Debug|Any CPU
		{4F7F4B00-8520-4004-8931-34D8CEB78871}.Debug|Any CPU.Build.0 = Debug|Any CPU
		{4F7F4B00-8520-4004-8931-34D8CEB78871}.Release|Any CPU.ActiveCfg = Release|Any CPU
		{4F7F4B00-8520-4004-8931-34D8CEB78871}.Release|Any CPU.Build.0 = Release|Any CPU
		{D45CFD90-4004-4E11-A4D4-967B19E00C97}.Debug|Any CPU.ActiveCfg = Debug|Any CPU
		{D45CFD90-4004-4E11-A4D4-967B19E00C97}.Debug|Any CPU.Build.0 = Debug|Any CPU
		{D45CFD90-4004-4E11-A4D4-967B19E00C97}.Release|Any CPU.ActiveCfg = Release|Any CPU
		{D45CFD90-4004-4E11-A4D4-967B19E00C97}.Release|Any CPU.Build.0 = Release|Any CPU
		{73A221F8-B825-461A-9B16-8A0D3420D4BD}.Debug|Any CPU.ActiveCfg = Debug|Any CPU
		{73A221F8-B825-461A-9B16-8A0D3420D4BD}.Debug|Any CPU.Build.0 = Debug|Any CPU
		{73A221F8-B825-461A-9B16-8A0D3420D4BD}.Release|Any CPU.ActiveCfg = Release|Any CPU
		{73A221F8-B825-461A-9B16-8A0D3420D4BD}.Release|Any CPU.Build.0 = Release|Any CPU
		{4C5A4CFF-B6BC-41BC-8EBD-455ECAC6536F}.Debug|Any CPU.ActiveCfg = Debug|Any CPU
		{4C5A4CFF-B6BC-41BC-8EBD-455ECAC6536F}.Debug|Any CPU.Build.0 = Debug|Any CPU
		{4C5A4CFF-B6BC-41BC-8EBD-455ECAC6536F}.Release|Any CPU.ActiveCfg = Release|Any CPU
		{4C5A4CFF-B6BC-41BC-8EBD-455ECAC6536F}.Release|Any CPU.Build.0 = Release|Any CPU
		{13930486-017B-4262-B139-5D8D14BE6172}.Debug|Any CPU.ActiveCfg = Debug|Any CPU
		{13930486-017B-4262-B139-5D8D14BE6172}.Debug|Any CPU.Build.0 = Debug|Any CPU
		{13930486-017B-4262-B139-5D8D14BE6172}.Release|Any CPU.ActiveCfg = Release|Any CPU
		{13930486-017B-4262-B139-5D8D14BE6172}.Release|Any CPU.Build.0 = Release|Any CPU
		{5AADCABB-4655-46F9-BD68-59C543BD0775}.Debug|Any CPU.ActiveCfg = Debug|Any CPU
		{5AADCABB-4655-46F9-BD68-59C543BD0775}.Debug|Any CPU.Build.0 = Debug|Any CPU
		{5AADCABB-4655-46F9-BD68-59C543BD0775}.Release|Any CPU.ActiveCfg = Release|Any CPU
		{5AADCABB-4655-46F9-BD68-59C543BD0775}.Release|Any CPU.Build.0 = Release|Any CPU
		{5804E0EB-0754-4D3D-B3C5-A00E3090CB2F}.Debug|Any CPU.ActiveCfg = Debug|Any CPU
		{5804E0EB-0754-4D3D-B3C5-A00E3090CB2F}.Debug|Any CPU.Build.0 = Debug|Any CPU
		{5804E0EB-0754-4D3D-B3C5-A00E3090CB2F}.Release|Any CPU.ActiveCfg = Release|Any CPU
		{5804E0EB-0754-4D3D-B3C5-A00E3090CB2F}.Release|Any CPU.Build.0 = Release|Any CPU
		{F10B1045-4648-4309-8E34-674C3614A2C3}.Debug|Any CPU.ActiveCfg = Debug|Any CPU
		{F10B1045-4648-4309-8E34-674C3614A2C3}.Debug|Any CPU.Build.0 = Debug|Any CPU
		{F10B1045-4648-4309-8E34-674C3614A2C3}.Release|Any CPU.ActiveCfg = Release|Any CPU
		{F10B1045-4648-4309-8E34-674C3614A2C3}.Release|Any CPU.Build.0 = Release|Any CPU
		{0B8DE295-8024-4DFA-B58B-6A74F7041573}.Debug|Any CPU.ActiveCfg = Debug|Any CPU
		{0B8DE295-8024-4DFA-B58B-6A74F7041573}.Debug|Any CPU.Build.0 = Debug|Any CPU
		{0B8DE295-8024-4DFA-B58B-6A74F7041573}.Release|Any CPU.ActiveCfg = Release|Any CPU
		{0B8DE295-8024-4DFA-B58B-6A74F7041573}.Release|Any CPU.Build.0 = Release|Any CPU
		{ABE211AD-B6B2-4091-BE23-5C31518E398A}.Debug|Any CPU.ActiveCfg = Debug|Any CPU
		{ABE211AD-B6B2-4091-BE23-5C31518E398A}.Debug|Any CPU.Build.0 = Debug|Any CPU
		{ABE211AD-B6B2-4091-BE23-5C31518E398A}.Release|Any CPU.ActiveCfg = Release|Any CPU
		{ABE211AD-B6B2-4091-BE23-5C31518E398A}.Release|Any CPU.Build.0 = Release|Any CPU
		{58F68912-2073-4BAA-B1C5-146F70AC347E}.Debug|Any CPU.ActiveCfg = Debug|Any CPU
		{58F68912-2073-4BAA-B1C5-146F70AC347E}.Debug|Any CPU.Build.0 = Debug|Any CPU
		{58F68912-2073-4BAA-B1C5-146F70AC347E}.Release|Any CPU.ActiveCfg = Release|Any CPU
		{58F68912-2073-4BAA-B1C5-146F70AC347E}.Release|Any CPU.Build.0 = Release|Any CPU
		{1C2243BC-DD04-455D-890C-BF46B0FCC518}.Debug|Any CPU.ActiveCfg = Debug|Any CPU
		{1C2243BC-DD04-455D-890C-BF46B0FCC518}.Debug|Any CPU.Build.0 = Debug|Any CPU
		{1C2243BC-DD04-455D-890C-BF46B0FCC518}.Release|Any CPU.ActiveCfg = Release|Any CPU
		{1C2243BC-DD04-455D-890C-BF46B0FCC518}.Release|Any CPU.Build.0 = Release|Any CPU
		{7D060710-EB67-4BC8-97D6-1BAAE846E5AA}.Debug|Any CPU.ActiveCfg = Debug|Any CPU
		{7D060710-EB67-4BC8-97D6-1BAAE846E5AA}.Debug|Any CPU.Build.0 = Debug|Any CPU
		{7D060710-EB67-4BC8-97D6-1BAAE846E5AA}.Release|Any CPU.ActiveCfg = Release|Any CPU
		{7D060710-EB67-4BC8-97D6-1BAAE846E5AA}.Release|Any CPU.Build.0 = Release|Any CPU
		{0FD6E3DC-09ED-4939-92B6-4DCAC144AAF6}.Debug|Any CPU.ActiveCfg = Debug|Any CPU
		{0FD6E3DC-09ED-4939-92B6-4DCAC144AAF6}.Debug|Any CPU.Build.0 = Debug|Any CPU
		{0FD6E3DC-09ED-4939-92B6-4DCAC144AAF6}.Release|Any CPU.ActiveCfg = Release|Any CPU
		{0FD6E3DC-09ED-4939-92B6-4DCAC144AAF6}.Release|Any CPU.Build.0 = Release|Any CPU
		{2CF9BA65-EA61-45CB-B298-4CC72935BE11}.Debug|Any CPU.ActiveCfg = Debug|Any CPU
		{2CF9BA65-EA61-45CB-B298-4CC72935BE11}.Debug|Any CPU.Build.0 = Debug|Any CPU
		{2CF9BA65-EA61-45CB-B298-4CC72935BE11}.Release|Any CPU.ActiveCfg = Release|Any CPU
		{2CF9BA65-EA61-45CB-B298-4CC72935BE11}.Release|Any CPU.Build.0 = Release|Any CPU
		{4641AE18-68CC-4F86-8382-30A790B0B9E9}.Debug|Any CPU.ActiveCfg = Debug|Any CPU
		{4641AE18-68CC-4F86-8382-30A790B0B9E9}.Debug|Any CPU.Build.0 = Debug|Any CPU
		{4641AE18-68CC-4F86-8382-30A790B0B9E9}.Release|Any CPU.ActiveCfg = Release|Any CPU
		{4641AE18-68CC-4F86-8382-30A790B0B9E9}.Release|Any CPU.Build.0 = Release|Any CPU
		{C64A9AA8-284C-439E-BB6E-CD56D8DCC77B}.Debug|Any CPU.ActiveCfg = Debug|Any CPU
		{C64A9AA8-284C-439E-BB6E-CD56D8DCC77B}.Debug|Any CPU.Build.0 = Debug|Any CPU
		{C64A9AA8-284C-439E-BB6E-CD56D8DCC77B}.Release|Any CPU.ActiveCfg = Release|Any CPU
		{C64A9AA8-284C-439E-BB6E-CD56D8DCC77B}.Release|Any CPU.Build.0 = Release|Any CPU
		{EF252067-C0B8-4771-8C7F-B9E4B1756C6B}.Debug|Any CPU.ActiveCfg = Debug|Any CPU
		{EF252067-C0B8-4771-8C7F-B9E4B1756C6B}.Debug|Any CPU.Build.0 = Debug|Any CPU
		{EF252067-C0B8-4771-8C7F-B9E4B1756C6B}.Release|Any CPU.ActiveCfg = Release|Any CPU
		{EF252067-C0B8-4771-8C7F-B9E4B1756C6B}.Release|Any CPU.Build.0 = Release|Any CPU
		{E4B3B883-7C3C-4F96-81FF-F1F65853E729}.Debug|Any CPU.ActiveCfg = Debug|Any CPU
		{E4B3B883-7C3C-4F96-81FF-F1F65853E729}.Debug|Any CPU.Build.0 = Debug|Any CPU
		{E4B3B883-7C3C-4F96-81FF-F1F65853E729}.Release|Any CPU.ActiveCfg = Release|Any CPU
		{E4B3B883-7C3C-4F96-81FF-F1F65853E729}.Release|Any CPU.Build.0 = Release|Any CPU
		{7529571F-7ABD-41EE-8100-032D32BD10A2}.Debug|Any CPU.ActiveCfg = Debug|Any CPU
		{7529571F-7ABD-41EE-8100-032D32BD10A2}.Debug|Any CPU.Build.0 = Debug|Any CPU
		{7529571F-7ABD-41EE-8100-032D32BD10A2}.Release|Any CPU.ActiveCfg = Release|Any CPU
		{7529571F-7ABD-41EE-8100-032D32BD10A2}.Release|Any CPU.Build.0 = Release|Any CPU
		{165F56D3-C2C6-4B69-A5B5-3BC2326B2F4E}.Debug|Any CPU.ActiveCfg = Debug|Any CPU
		{165F56D3-C2C6-4B69-A5B5-3BC2326B2F4E}.Debug|Any CPU.Build.0 = Debug|Any CPU
		{165F56D3-C2C6-4B69-A5B5-3BC2326B2F4E}.Release|Any CPU.ActiveCfg = Release|Any CPU
		{165F56D3-C2C6-4B69-A5B5-3BC2326B2F4E}.Release|Any CPU.Build.0 = Release|Any CPU
	EndGlobalSection
	GlobalSection(SolutionProperties) = preSolution
		HideSolutionNode = FALSE
	EndGlobalSection
	GlobalSection(NestedProjects) = preSolution
		{0DABFA40-25CC-413B-BD05-83BC3E910285} = {02EA681E-C7D8-13C7-8484-4AC65E1B71E8}
		{E04F7725-E11C-4473-B12A-3F901102C58E} = {02EA681E-C7D8-13C7-8484-4AC65E1B71E8}
		{3B1777F4-3F2B-47AF-BF45-5B40074567DA} = {02EA681E-C7D8-13C7-8484-4AC65E1B71E8}
		{4F7F4B00-8520-4004-8931-34D8CEB78871} = {61A815CE-68B3-41F9-9160-DDC499BE30E5}
		{D45CFD90-4004-4E11-A4D4-967B19E00C97} = {61A815CE-68B3-41F9-9160-DDC499BE30E5}
		{73A221F8-B825-461A-9B16-8A0D3420D4BD} = {61A815CE-68B3-41F9-9160-DDC499BE30E5}
		{4C5A4CFF-B6BC-41BC-8EBD-455ECAC6536F} = {EF7193F0-2296-4CD4-ADF5-7F9FB68E3193}
		{13930486-017B-4262-B139-5D8D14BE6172} = {EF7193F0-2296-4CD4-ADF5-7F9FB68E3193}
		{5AADCABB-4655-46F9-BD68-59C543BD0775} = {EF7193F0-2296-4CD4-ADF5-7F9FB68E3193}
		{5804E0EB-0754-4D3D-B3C5-A00E3090CB2F} = {87216B58-6590-4A9A-AF91-D5907179EC4C}
		{F10B1045-4648-4309-8E34-674C3614A2C3} = {87216B58-6590-4A9A-AF91-D5907179EC4C}
		{0B8DE295-8024-4DFA-B58B-6A74F7041573} = {87216B58-6590-4A9A-AF91-D5907179EC4C}
		{ABE211AD-B6B2-4091-BE23-5C31518E398A} = {BEE5B30D-0A27-4207-B93B-1EA8E91D11A9}
		{58F68912-2073-4BAA-B1C5-146F70AC347E} = {BEE5B30D-0A27-4207-B93B-1EA8E91D11A9}
		{1C2243BC-DD04-455D-890C-BF46B0FCC518} = {BEE5B30D-0A27-4207-B93B-1EA8E91D11A9}
		{7D060710-EB67-4BC8-97D6-1BAAE846E5AA} = {EDEAE9C6-F7EA-424A-A1FE-5096934AF4CE}
		{0FD6E3DC-09ED-4939-92B6-4DCAC144AAF6} = {EDEAE9C6-F7EA-424A-A1FE-5096934AF4CE}
		{2CF9BA65-EA61-45CB-B298-4CC72935BE11} = {EDEAE9C6-F7EA-424A-A1FE-5096934AF4CE}
		{4641AE18-68CC-4F86-8382-30A790B0B9E9} = {21A82ACF-2A85-4287-8616-49480397B002}
		{C64A9AA8-284C-439E-BB6E-CD56D8DCC77B} = {21A82ACF-2A85-4287-8616-49480397B002}
		{EF252067-C0B8-4771-8C7F-B9E4B1756C6B} = {21A82ACF-2A85-4287-8616-49480397B002}
		{E4B3B883-7C3C-4F96-81FF-F1F65853E729} = {1C229A91-A5BF-4A80-AD2E-729B353BB57A}
		{7529571F-7ABD-41EE-8100-032D32BD10A2} = {1C229A91-A5BF-4A80-AD2E-729B353BB57A}
		{165F56D3-C2C6-4B69-A5B5-3BC2326B2F4E} = {1C229A91-A5BF-4A80-AD2E-729B353BB57A}
	EndGlobalSection
	GlobalSection(ExtensibilityGlobals) = postSolution
		SolutionGuid = {1913C3F1-B796-404F-95EF-21A36482E57F}
	EndGlobalSection
EndGlobal
